// !$*UTF8*$!
{
	archiveVersion = 1;
	classes = {
	};
	objectVersion = 56;
	objects = {

/* Begin PBXBuildFile section */
		579EEE332CC8FF35005A9A19 /* FullBannerCell.swift in Sources */ = {isa = PBXBuildFile; fileRef = 579EEE322CC8FF31005A9A19 /* FullBannerCell.swift */; };
		579EEE352CC8FF5A005A9A19 /* ChipsSectionCell.swift in Sources */ = {isa = PBXBuildFile; fileRef = 579EEE342CC8FF50005A9A19 /* ChipsSectionCell.swift */; };
		579EEE372CC8FF89005A9A19 /* GridSectionCell.swift in Sources */ = {isa = PBXBuildFile; fileRef = 579EEE362CC8FF88005A9A19 /* GridSectionCell.swift */; };
		579EEE3A2CC90684005A9A19 /* ImageSliderType.swift in Sources */ = {isa = PBXBuildFile; fileRef = 579EEE392CC90680005A9A19 /* ImageSliderType.swift */; };
		579EEE3C2CC90A6A005A9A19 /* CenterBannerCell.swift in Sources */ = {isa = PBXBuildFile; fileRef = 579EEE3B2CC90A65005A9A19 /* CenterBannerCell.swift */; };
		579EEE3E2CC94995005A9A19 /* NarrowBannerCell.swift in Sources */ = {isa = PBXBuildFile; fileRef = 579EEE3D2CC9498F005A9A19 /* NarrowBannerCell.swift */; };
		579EEE402CC9583D005A9A19 /* Narrow.xcassets in Resources */ = {isa = PBXBuildFile; fileRef = 579EEE3F2CC9583D005A9A19 /* Narrow.xcassets */; };
		579EEE422CC95AA8005A9A19 /* narrowBannerDataJson.json in Resources */ = {isa = PBXBuildFile; fileRef = 579EEE412CC95AA8005A9A19 /* narrowBannerDataJson.json */; };
		579EEE442CC95E1C005A9A19 /* NarrowBannerData.swift in Sources */ = {isa = PBXBuildFile; fileRef = 579EEE432CC95E16005A9A19 /* NarrowBannerData.swift */; };
		579EEE462CC95FBE005A9A19 /* NarrowBannerRepository.swift in Sources */ = {isa = PBXBuildFile; fileRef = 579EEE452CC95FB7005A9A19 /* NarrowBannerRepository.swift */; };
		579EEE4A2CCA2D25005A9A19 /* ImageSliderData.swift in Sources */ = {isa = PBXBuildFile; fileRef = 579EEE492CCA2D19005A9A19 /* ImageSliderData.swift */; };
		579EEE4E2CCA32CE005A9A19 /* ImageSliderRepositoryProtocol.swift in Sources */ = {isa = PBXBuildFile; fileRef = 579EEE4D2CCA32CE005A9A19 /* ImageSliderRepositoryProtocol.swift */; };
		579EEE512CCA42DB005A9A19 /* ProductMapperRepository.swift in Sources */ = {isa = PBXBuildFile; fileRef = 579EEE502CCA42CD005A9A19 /* ProductMapperRepository.swift */; };
		579EEE532CCA5FD9005A9A19 /* CenterBannersRepository.swift in Sources */ = {isa = PBXBuildFile; fileRef = 579EEE522CCA5FD4005A9A19 /* CenterBannersRepository.swift */; };
		57A4A1D62CB308B2007B93B8 /* ImageSliderCell.swift in Sources */ = {isa = PBXBuildFile; fileRef = 57A4A1D52CB308AE007B93B8 /* ImageSliderCell.swift */; };
		57A4A1D82CB3093E007B93B8 /* CarAssets.xcassets in Resources */ = {isa = PBXBuildFile; fileRef = 57A4A1D72CB3093E007B93B8 /* CarAssets.xcassets */; };
		57A4A1EC2CB30AC1007B93B8 /* Extensions.swift in Sources */ = {isa = PBXBuildFile; fileRef = 57A4A1EA2CB30AC1007B93B8 /* Extensions.swift */; };
		57A4A1ED2CB30AC1007B93B8 /* LoadJson.swift in Sources */ = {isa = PBXBuildFile; fileRef = 57A4A1E92CB30AC1007B93B8 /* LoadJson.swift */; };
		57A4A20D2CB30ADE007B93B8 /* chipDataJson.json in Resources */ = {isa = PBXBuildFile; fileRef = 57A4A2062CB30ADE007B93B8 /* chipDataJson.json */; };
		57A4A20E2CB30ADE007B93B8 /* productDataJson.json in Resources */ = {isa = PBXBuildFile; fileRef = 57A4A2092CB30ADE007B93B8 /* productDataJson.json */; };
		57A4A20F2CB30ADE007B93B8 /* bannerDataJson.json in Resources */ = {isa = PBXBuildFile; fileRef = 57A4A2022CB30ADE007B93B8 /* bannerDataJson.json */; };
		57A4A2102CB30ADE007B93B8 /* CoreDataManager.swift in Sources */ = {isa = PBXBuildFile; fileRef = 57A4A1FB2CB30ADE007B93B8 /* CoreDataManager.swift */; };
		57A4A2112CB30ADE007B93B8 /* BannerData.swift in Sources */ = {isa = PBXBuildFile; fileRef = 57A4A2032CB30ADE007B93B8 /* BannerData.swift */; };
		57A4A2122CB30ADE007B93B8 /* ChipData.swift in Sources */ = {isa = PBXBuildFile; fileRef = 57A4A2052CB30ADE007B93B8 /* ChipData.swift */; };
		57A4A2132CB30ADE007B93B8 /* ProductData.swift in Sources */ = {isa = PBXBuildFile; fileRef = 57A4A2082CB30ADE007B93B8 /* ProductData.swift */; };
		57A4A2152CB30ADE007B93B8 /* TopBannersRepository.swift in Sources */ = {isa = PBXBuildFile; fileRef = 57A4A1FE2CB30ADE007B93B8 /* TopBannersRepository.swift */; };
		57A4A2172CB30ADE007B93B8 /* FavoriteRepository.swift in Sources */ = {isa = PBXBuildFile; fileRef = 57A4A2012CB30ADE007B93B8 /* FavoriteRepository.swift */; };
		57A4A2182CB30ADE007B93B8 /* DataStores.swift in Sources */ = {isa = PBXBuildFile; fileRef = 57A4A1FD2CB30ADE007B93B8 /* DataStores.swift */; };
		57A4A2232CB31229007B93B8 /* ProductDataModel.xcdatamodeld in Sources */ = {isa = PBXBuildFile; fileRef = 57A4A2212CB31229007B93B8 /* ProductDataModel.xcdatamodeld */; };
		57A4A2282CB39DAA007B93B8 /* ImageSliderView.swift in Sources */ = {isa = PBXBuildFile; fileRef = 57A4A2272CB39DA6007B93B8 /* ImageSliderView.swift */; };
		57A4A22A2CB39FEC007B93B8 /* ImageSliderReactor.swift in Sources */ = {isa = PBXBuildFile; fileRef = 57A4A2292CB39FE8007B93B8 /* ImageSliderReactor.swift */; };
		57A4A2422CB51946007B93B8 /* ChipView.swift in Sources */ = {isa = PBXBuildFile; fileRef = 57A4A2412CB51936007B93B8 /* ChipView.swift */; };
		57A4A2442CB51964007B93B8 /* ChipsSectionView.swift in Sources */ = {isa = PBXBuildFile; fileRef = 57A4A2432CB5195B007B93B8 /* ChipsSectionView.swift */; };
		57A4A2462CB5198F007B93B8 /* PointListRepository.swift in Sources */ = {isa = PBXBuildFile; fileRef = 57A4A2452CB51989007B93B8 /* PointListRepository.swift */; };
		57A4A24A2CB520D4007B93B8 /* GridImageItemViewCell.swift in Sources */ = {isa = PBXBuildFile; fileRef = 57A4A2492CB520CC007B93B8 /* GridImageItemViewCell.swift */; };
		57A4A24E2CB525DF007B93B8 /* TodayProductRepository.swift in Sources */ = {isa = PBXBuildFile; fileRef = 57A4A24D2CB525D0007B93B8 /* TodayProductRepository.swift */; };
		57A4A2502CB5297D007B93B8 /* HorizontalGridScrollView.swift in Sources */ = {isa = PBXBuildFile; fileRef = 57A4A24F2CB52974007B93B8 /* HorizontalGridScrollView.swift */; };
		57A4A2542CB532CA007B93B8 /* HorizontalGridScrollReactor.swift in Sources */ = {isa = PBXBuildFile; fileRef = 57A4A2532CB532CA007B93B8 /* HorizontalGridScrollReactor.swift */; };
		57A4A2562CB54875007B93B8 /* ProductRepositoryProtocol.swift in Sources */ = {isa = PBXBuildFile; fileRef = 57A4A2552CB5486C007B93B8 /* ProductRepositoryProtocol.swift */; };
		57A4A2582CB54972007B93B8 /* HotNewsRepository.swift in Sources */ = {isa = PBXBuildFile; fileRef = 57A4A2572CB54967007B93B8 /* HotNewsRepository.swift */; };
		57A4A25A2CB54999007B93B8 /* RecommendRepository.swift in Sources */ = {isa = PBXBuildFile; fileRef = 57A4A2592CB54994007B93B8 /* RecommendRepository.swift */; };
		57A4A27D2CB6B474007B93B8 /* SubTitleView.swift in Sources */ = {isa = PBXBuildFile; fileRef = 57A4A27C2CB6B470007B93B8 /* SubTitleView.swift */; };
		57A4A2802CB7B048007B93B8 /* CategorysViewController.swift in Sources */ = {isa = PBXBuildFile; fileRef = 57A4A27F2CB7B03E007B93B8 /* CategorysViewController.swift */; };
		57A4A2822CB7B072007B93B8 /* CartViewController.swift in Sources */ = {isa = PBXBuildFile; fileRef = 57A4A2812CB7B06E007B93B8 /* CartViewController.swift */; };
		57A4A2842CB7B07F007B93B8 /* SearchViewController.swift in Sources */ = {isa = PBXBuildFile; fileRef = 57A4A2832CB7B07E007B93B8 /* SearchViewController.swift */; };
		57A4A2862CB7B08D007B93B8 /* ProfileViewController.swift in Sources */ = {isa = PBXBuildFile; fileRef = 57A4A2852CB7B08C007B93B8 /* ProfileViewController.swift */; };
		57A4A2892CB7BA39007B93B8 /* DetailViewController.swift in Sources */ = {isa = PBXBuildFile; fileRef = 57A4A2882CB7BA32007B93B8 /* DetailViewController.swift */; };
		57A4A28B2CB7C47E007B93B8 /* ProductInfoView.swift in Sources */ = {isa = PBXBuildFile; fileRef = 57A4A28A2CB7C479007B93B8 /* ProductInfoView.swift */; };
		57A4A28E2CB7C5E3007B93B8 /* DataStructureUtil.swift in Sources */ = {isa = PBXBuildFile; fileRef = 57A4A28D2CB7C5D9007B93B8 /* DataStructureUtil.swift */; };
		57A4A29C2CB837B0007B93B8 /* GridType.swift in Sources */ = {isa = PBXBuildFile; fileRef = 57A4A29B2CB837A8007B93B8 /* GridType.swift */; };
		57A4A29E2CB839CA007B93B8 /* RepositoryDataType.swift in Sources */ = {isa = PBXBuildFile; fileRef = 57A4A29D2CB839BE007B93B8 /* RepositoryDataType.swift */; };
		57A4A2A02CB83BF0007B93B8 /* GenreRepository.swift in Sources */ = {isa = PBXBuildFile; fileRef = 57A4A29F2CB83BE9007B93B8 /* GenreRepository.swift */; };
		57A4A2A42CB96B2A007B93B8 /* MemoryStores.swift in Sources */ = {isa = PBXBuildFile; fileRef = 57A4A2A32CB96B06007B93B8 /* MemoryStores.swift */; };
		57A4A2A82CBA3608007B93B8 /* WebViewController.swift in Sources */ = {isa = PBXBuildFile; fileRef = 57A4A2A72CBA35FC007B93B8 /* WebViewController.swift */; };
		57A4A2B72CBA7023007B93B8 /* ChipsSelectionReactor.swift in Sources */ = {isa = PBXBuildFile; fileRef = 57A4A2B62CBA7012007B93B8 /* ChipsSelectionReactor.swift */; };
		57A51C262CBBFC1100416E38 /* Dimens.swift in Sources */ = {isa = PBXBuildFile; fileRef = 57A51C252CBBFC0C00416E38 /* Dimens.swift */; };
		57A51C292CBC268D00416E38 /* DetailViewReactor.swift in Sources */ = {isa = PBXBuildFile; fileRef = 57A51C282CBC267F00416E38 /* DetailViewReactor.swift */; };
		57A51C332CBD214F00416E38 /* MainCollectionViewController.swift in Sources */ = {isa = PBXBuildFile; fileRef = 57A51C322CBD214C00416E38 /* MainCollectionViewController.swift */; };
		57A51C352CBD21B600416E38 /* MainCollectionViewCellType.swift in Sources */ = {isa = PBXBuildFile; fileRef = 57A51C342CBD21B100416E38 /* MainCollectionViewCellType.swift */; };
		AC9B622823D8550B46A8E3DD /* Pods_UIKit_Code_Based_Project.framework in Frameworks */ = {isa = PBXBuildFile; fileRef = E3C71C01AB80E6CF6F63EA55 /* Pods_UIKit_Code_Based_Project.framework */; };
		E5C09CAB28F2940700B11418 /* AppDelegate.swift in Sources */ = {isa = PBXBuildFile; fileRef = E5C09CAA28F2940700B11418 /* AppDelegate.swift */; };
		E5C09CAD28F2940700B11418 /* SceneDelegate.swift in Sources */ = {isa = PBXBuildFile; fileRef = E5C09CAC28F2940700B11418 /* SceneDelegate.swift */; };
		E5C09CB428F2940800B11418 /* Assets.xcassets in Resources */ = {isa = PBXBuildFile; fileRef = E5C09CB328F2940800B11418 /* Assets.xcassets */; };
		E5C09CB728F2940800B11418 /* LaunchScreen.storyboard in Resources */ = {isa = PBXBuildFile; fileRef = E5C09CB528F2940800B11418 /* LaunchScreen.storyboard */; };
/* End PBXBuildFile section */

/* Begin PBXFileReference section */
		579EEE322CC8FF31005A9A19 /* FullBannerCell.swift */ = {isa = PBXFileReference; lastKnownFileType = sourcecode.swift; path = FullBannerCell.swift; sourceTree = "<group>"; };
		579EEE342CC8FF50005A9A19 /* ChipsSectionCell.swift */ = {isa = PBXFileReference; lastKnownFileType = sourcecode.swift; path = ChipsSectionCell.swift; sourceTree = "<group>"; };
		579EEE362CC8FF88005A9A19 /* GridSectionCell.swift */ = {isa = PBXFileReference; lastKnownFileType = sourcecode.swift; path = GridSectionCell.swift; sourceTree = "<group>"; };
		579EEE392CC90680005A9A19 /* ImageSliderType.swift */ = {isa = PBXFileReference; lastKnownFileType = sourcecode.swift; path = ImageSliderType.swift; sourceTree = "<group>"; };
		579EEE3B2CC90A65005A9A19 /* CenterBannerCell.swift */ = {isa = PBXFileReference; lastKnownFileType = sourcecode.swift; path = CenterBannerCell.swift; sourceTree = "<group>"; };
		579EEE3D2CC9498F005A9A19 /* NarrowBannerCell.swift */ = {isa = PBXFileReference; lastKnownFileType = sourcecode.swift; path = NarrowBannerCell.swift; sourceTree = "<group>"; };
		579EEE3F2CC9583D005A9A19 /* Narrow.xcassets */ = {isa = PBXFileReference; lastKnownFileType = folder.assetcatalog; path = Narrow.xcassets; sourceTree = "<group>"; };
		579EEE412CC95AA8005A9A19 /* narrowBannerDataJson.json */ = {isa = PBXFileReference; lastKnownFileType = text.json; path = narrowBannerDataJson.json; sourceTree = "<group>"; };
		579EEE432CC95E16005A9A19 /* NarrowBannerData.swift */ = {isa = PBXFileReference; lastKnownFileType = sourcecode.swift; path = NarrowBannerData.swift; sourceTree = "<group>"; };
		579EEE452CC95FB7005A9A19 /* NarrowBannerRepository.swift */ = {isa = PBXFileReference; lastKnownFileType = sourcecode.swift; path = NarrowBannerRepository.swift; sourceTree = "<group>"; };
		579EEE492CCA2D19005A9A19 /* ImageSliderData.swift */ = {isa = PBXFileReference; lastKnownFileType = sourcecode.swift; path = ImageSliderData.swift; sourceTree = "<group>"; };
		579EEE4D2CCA32CE005A9A19 /* ImageSliderRepositoryProtocol.swift */ = {isa = PBXFileReference; lastKnownFileType = sourcecode.swift; path = ImageSliderRepositoryProtocol.swift; sourceTree = "<group>"; };
		579EEE502CCA42CD005A9A19 /* ProductMapperRepository.swift */ = {isa = PBXFileReference; lastKnownFileType = sourcecode.swift; path = ProductMapperRepository.swift; sourceTree = "<group>"; };
		579EEE522CCA5FD4005A9A19 /* CenterBannersRepository.swift */ = {isa = PBXFileReference; lastKnownFileType = sourcecode.swift; path = CenterBannersRepository.swift; sourceTree = "<group>"; };
		57A4A1D52CB308AE007B93B8 /* ImageSliderCell.swift */ = {isa = PBXFileReference; lastKnownFileType = sourcecode.swift; path = ImageSliderCell.swift; sourceTree = "<group>"; };
		57A4A1D72CB3093E007B93B8 /* CarAssets.xcassets */ = {isa = PBXFileReference; lastKnownFileType = folder.assetcatalog; path = CarAssets.xcassets; sourceTree = "<group>"; };
		57A4A1E92CB30AC1007B93B8 /* LoadJson.swift */ = {isa = PBXFileReference; lastKnownFileType = sourcecode.swift; path = LoadJson.swift; sourceTree = "<group>"; };
		57A4A1EA2CB30AC1007B93B8 /* Extensions.swift */ = {isa = PBXFileReference; lastKnownFileType = sourcecode.swift; path = Extensions.swift; sourceTree = "<group>"; };
		57A4A1FB2CB30ADE007B93B8 /* CoreDataManager.swift */ = {isa = PBXFileReference; lastKnownFileType = sourcecode.swift; path = CoreDataManager.swift; sourceTree = "<group>"; };
		57A4A1FD2CB30ADE007B93B8 /* DataStores.swift */ = {isa = PBXFileReference; lastKnownFileType = sourcecode.swift; path = DataStores.swift; sourceTree = "<group>"; };
		57A4A1FE2CB30ADE007B93B8 /* TopBannersRepository.swift */ = {isa = PBXFileReference; lastKnownFileType = sourcecode.swift; path = TopBannersRepository.swift; sourceTree = "<group>"; };
		57A4A2012CB30ADE007B93B8 /* FavoriteRepository.swift */ = {isa = PBXFileReference; lastKnownFileType = sourcecode.swift; path = FavoriteRepository.swift; sourceTree = "<group>"; };
		57A4A2022CB30ADE007B93B8 /* bannerDataJson.json */ = {isa = PBXFileReference; lastKnownFileType = text.json; path = bannerDataJson.json; sourceTree = "<group>"; };
		57A4A2032CB30ADE007B93B8 /* BannerData.swift */ = {isa = PBXFileReference; lastKnownFileType = sourcecode.swift; path = BannerData.swift; sourceTree = "<group>"; };
		57A4A2052CB30ADE007B93B8 /* ChipData.swift */ = {isa = PBXFileReference; lastKnownFileType = sourcecode.swift; path = ChipData.swift; sourceTree = "<group>"; };
		57A4A2062CB30ADE007B93B8 /* chipDataJson.json */ = {isa = PBXFileReference; lastKnownFileType = text.json; path = chipDataJson.json; sourceTree = "<group>"; };
		57A4A2082CB30ADE007B93B8 /* ProductData.swift */ = {isa = PBXFileReference; lastKnownFileType = sourcecode.swift; path = ProductData.swift; sourceTree = "<group>"; };
		57A4A2092CB30ADE007B93B8 /* productDataJson.json */ = {isa = PBXFileReference; lastKnownFileType = text.json; path = productDataJson.json; sourceTree = "<group>"; };
		57A4A2222CB31229007B93B8 /* ProductDataModel.xcdatamodel */ = {isa = PBXFileReference; lastKnownFileType = wrapper.xcdatamodel; path = ProductDataModel.xcdatamodel; sourceTree = "<group>"; };
		57A4A2272CB39DA6007B93B8 /* ImageSliderView.swift */ = {isa = PBXFileReference; lastKnownFileType = sourcecode.swift; path = ImageSliderView.swift; sourceTree = "<group>"; };
		57A4A2292CB39FE8007B93B8 /* ImageSliderReactor.swift */ = {isa = PBXFileReference; lastKnownFileType = sourcecode.swift; path = ImageSliderReactor.swift; sourceTree = "<group>"; };
		57A4A2412CB51936007B93B8 /* ChipView.swift */ = {isa = PBXFileReference; lastKnownFileType = sourcecode.swift; path = ChipView.swift; sourceTree = "<group>"; };
		57A4A2432CB5195B007B93B8 /* ChipsSectionView.swift */ = {isa = PBXFileReference; lastKnownFileType = sourcecode.swift; path = ChipsSectionView.swift; sourceTree = "<group>"; };
		57A4A2452CB51989007B93B8 /* PointListRepository.swift */ = {isa = PBXFileReference; lastKnownFileType = sourcecode.swift; path = PointListRepository.swift; sourceTree = "<group>"; };
		57A4A2492CB520CC007B93B8 /* GridImageItemViewCell.swift */ = {isa = PBXFileReference; lastKnownFileType = sourcecode.swift; path = GridImageItemViewCell.swift; sourceTree = "<group>"; };
		57A4A24D2CB525D0007B93B8 /* TodayProductRepository.swift */ = {isa = PBXFileReference; lastKnownFileType = sourcecode.swift; path = TodayProductRepository.swift; sourceTree = "<group>"; };
		57A4A24F2CB52974007B93B8 /* HorizontalGridScrollView.swift */ = {isa = PBXFileReference; lastKnownFileType = sourcecode.swift; path = HorizontalGridScrollView.swift; sourceTree = "<group>"; };
		57A4A2532CB532CA007B93B8 /* HorizontalGridScrollReactor.swift */ = {isa = PBXFileReference; lastKnownFileType = sourcecode.swift; path = HorizontalGridScrollReactor.swift; sourceTree = "<group>"; };
		57A4A2552CB5486C007B93B8 /* ProductRepositoryProtocol.swift */ = {isa = PBXFileReference; lastKnownFileType = sourcecode.swift; path = ProductRepositoryProtocol.swift; sourceTree = "<group>"; };
		57A4A2572CB54967007B93B8 /* HotNewsRepository.swift */ = {isa = PBXFileReference; lastKnownFileType = sourcecode.swift; path = HotNewsRepository.swift; sourceTree = "<group>"; };
		57A4A2592CB54994007B93B8 /* RecommendRepository.swift */ = {isa = PBXFileReference; lastKnownFileType = sourcecode.swift; path = RecommendRepository.swift; sourceTree = "<group>"; };
		57A4A27C2CB6B470007B93B8 /* SubTitleView.swift */ = {isa = PBXFileReference; lastKnownFileType = sourcecode.swift; path = SubTitleView.swift; sourceTree = "<group>"; };
		57A4A27F2CB7B03E007B93B8 /* CategorysViewController.swift */ = {isa = PBXFileReference; lastKnownFileType = sourcecode.swift; path = CategorysViewController.swift; sourceTree = "<group>"; };
		57A4A2812CB7B06E007B93B8 /* CartViewController.swift */ = {isa = PBXFileReference; lastKnownFileType = sourcecode.swift; path = CartViewController.swift; sourceTree = "<group>"; };
		57A4A2832CB7B07E007B93B8 /* SearchViewController.swift */ = {isa = PBXFileReference; lastKnownFileType = sourcecode.swift; path = SearchViewController.swift; sourceTree = "<group>"; };
		57A4A2852CB7B08C007B93B8 /* ProfileViewController.swift */ = {isa = PBXFileReference; lastKnownFileType = sourcecode.swift; path = ProfileViewController.swift; sourceTree = "<group>"; };
		57A4A2882CB7BA32007B93B8 /* DetailViewController.swift */ = {isa = PBXFileReference; lastKnownFileType = sourcecode.swift; path = DetailViewController.swift; sourceTree = "<group>"; };
		57A4A28A2CB7C479007B93B8 /* ProductInfoView.swift */ = {isa = PBXFileReference; lastKnownFileType = sourcecode.swift; path = ProductInfoView.swift; sourceTree = "<group>"; };
		57A4A28D2CB7C5D9007B93B8 /* DataStructureUtil.swift */ = {isa = PBXFileReference; lastKnownFileType = sourcecode.swift; path = DataStructureUtil.swift; sourceTree = "<group>"; };
		57A4A29B2CB837A8007B93B8 /* GridType.swift */ = {isa = PBXFileReference; lastKnownFileType = sourcecode.swift; path = GridType.swift; sourceTree = "<group>"; };
		57A4A29D2CB839BE007B93B8 /* RepositoryDataType.swift */ = {isa = PBXFileReference; lastKnownFileType = sourcecode.swift; path = RepositoryDataType.swift; sourceTree = "<group>"; };
		57A4A29F2CB83BE9007B93B8 /* GenreRepository.swift */ = {isa = PBXFileReference; lastKnownFileType = sourcecode.swift; path = GenreRepository.swift; sourceTree = "<group>"; };
		57A4A2A32CB96B06007B93B8 /* MemoryStores.swift */ = {isa = PBXFileReference; lastKnownFileType = sourcecode.swift; path = MemoryStores.swift; sourceTree = "<group>"; };
		57A4A2A72CBA35FC007B93B8 /* WebViewController.swift */ = {isa = PBXFileReference; lastKnownFileType = sourcecode.swift; path = WebViewController.swift; sourceTree = "<group>"; };
		57A4A2B62CBA7012007B93B8 /* ChipsSelectionReactor.swift */ = {isa = PBXFileReference; lastKnownFileType = sourcecode.swift; path = ChipsSelectionReactor.swift; sourceTree = "<group>"; };
		57A51C252CBBFC0C00416E38 /* Dimens.swift */ = {isa = PBXFileReference; lastKnownFileType = sourcecode.swift; path = Dimens.swift; sourceTree = "<group>"; };
		57A51C282CBC267F00416E38 /* DetailViewReactor.swift */ = {isa = PBXFileReference; lastKnownFileType = sourcecode.swift; path = DetailViewReactor.swift; sourceTree = "<group>"; };
		57A51C322CBD214C00416E38 /* MainCollectionViewController.swift */ = {isa = PBXFileReference; lastKnownFileType = sourcecode.swift; path = MainCollectionViewController.swift; sourceTree = "<group>"; };
		57A51C342CBD21B100416E38 /* MainCollectionViewCellType.swift */ = {isa = PBXFileReference; lastKnownFileType = sourcecode.swift; path = MainCollectionViewCellType.swift; sourceTree = "<group>"; };
		E3C71C01AB80E6CF6F63EA55 /* Pods_UIKit_Code_Based_Project.framework */ = {isa = PBXFileReference; explicitFileType = wrapper.framework; includeInIndex = 0; path = Pods_UIKit_Code_Based_Project.framework; sourceTree = BUILT_PRODUCTS_DIR; };
		E5C09CA728F2940700B11418 /* UIKit-Code-Based-Project.app */ = {isa = PBXFileReference; explicitFileType = wrapper.application; includeInIndex = 0; path = "UIKit-Code-Based-Project.app"; sourceTree = BUILT_PRODUCTS_DIR; };
		E5C09CAA28F2940700B11418 /* AppDelegate.swift */ = {isa = PBXFileReference; lastKnownFileType = sourcecode.swift; path = AppDelegate.swift; sourceTree = "<group>"; };
		E5C09CAC28F2940700B11418 /* SceneDelegate.swift */ = {isa = PBXFileReference; lastKnownFileType = sourcecode.swift; path = SceneDelegate.swift; sourceTree = "<group>"; };
		E5C09CB328F2940800B11418 /* Assets.xcassets */ = {isa = PBXFileReference; lastKnownFileType = folder.assetcatalog; path = Assets.xcassets; sourceTree = "<group>"; };
		E5C09CB628F2940800B11418 /* Base */ = {isa = PBXFileReference; lastKnownFileType = file.storyboard; name = Base; path = Base.lproj/LaunchScreen.storyboard; sourceTree = "<group>"; };
		E5C09CB828F2940800B11418 /* Info.plist */ = {isa = PBXFileReference; lastKnownFileType = text.plist.xml; path = Info.plist; sourceTree = "<group>"; };
		E7F527EB14446A14522E98FA /* Pods-UIKit-Code-Based-Project.release.xcconfig */ = {isa = PBXFileReference; includeInIndex = 1; lastKnownFileType = text.xcconfig; name = "Pods-UIKit-Code-Based-Project.release.xcconfig"; path = "Target Support Files/Pods-UIKit-Code-Based-Project/Pods-UIKit-Code-Based-Project.release.xcconfig"; sourceTree = "<group>"; };
		F4EB94EB956E8DB13F2DBD8B /* Pods-UIKit-Code-Based-Project.debug.xcconfig */ = {isa = PBXFileReference; includeInIndex = 1; lastKnownFileType = text.xcconfig; name = "Pods-UIKit-Code-Based-Project.debug.xcconfig"; path = "Target Support Files/Pods-UIKit-Code-Based-Project/Pods-UIKit-Code-Based-Project.debug.xcconfig"; sourceTree = "<group>"; };
/* End PBXFileReference section */

/* Begin PBXFrameworksBuildPhase section */
		E5C09CA428F2940700B11418 /* Frameworks */ = {
			isa = PBXFrameworksBuildPhase;
			buildActionMask = 2147483647;
			files = (
				AC9B622823D8550B46A8E3DD /* Pods_UIKit_Code_Based_Project.framework in Frameworks */,
			);
			runOnlyForDeploymentPostprocessing = 0;
		};
/* End PBXFrameworksBuildPhase section */

/* Begin PBXGroup section */
		3AA21114E686DE66A29D8659 /* Frameworks */ = {
			isa = PBXGroup;
			children = (
				E3C71C01AB80E6CF6F63EA55 /* Pods_UIKit_Code_Based_Project.framework */,
			);
			name = Frameworks;
			sourceTree = "<group>";
		};
		471B1E9C5B4411F47B5F907B /* Pods */ = {
			isa = PBXGroup;
			children = (
				F4EB94EB956E8DB13F2DBD8B /* Pods-UIKit-Code-Based-Project.debug.xcconfig */,
				E7F527EB14446A14522E98FA /* Pods-UIKit-Code-Based-Project.release.xcconfig */,
			);
			path = Pods;
			sourceTree = "<group>";
		};
		579EEE312CC8FCAD005A9A19 /* Parts */ = {
			isa = PBXGroup;
			children = (
				57A4A2412CB51936007B93B8 /* ChipView.swift */,
				57A4A2492CB520CC007B93B8 /* GridImageItemViewCell.swift */,
				57A4A1D52CB308AE007B93B8 /* ImageSliderCell.swift */,
			);
			path = Parts;
			sourceTree = "<group>";
		};
		579EEE382CC90035005A9A19 /* CollectionViewCell */ = {
			isa = PBXGroup;
			children = (
				57A51C342CBD21B100416E38 /* MainCollectionViewCellType.swift */,
				579EEE322CC8FF31005A9A19 /* FullBannerCell.swift */,
				579EEE362CC8FF88005A9A19 /* GridSectionCell.swift */,
				579EEE3B2CC90A65005A9A19 /* CenterBannerCell.swift */,
				579EEE3D2CC9498F005A9A19 /* NarrowBannerCell.swift */,
				579EEE342CC8FF50005A9A19 /* ChipsSectionCell.swift */,
			);
			path = CollectionViewCell;
			sourceTree = "<group>";
		};
		579EEE4F2CCA3797005A9A19 /* Protocol */ = {
			isa = PBXGroup;
			children = (
				57A4A2552CB5486C007B93B8 /* ProductRepositoryProtocol.swift */,
				579EEE4D2CCA32CE005A9A19 /* ImageSliderRepositoryProtocol.swift */,
			);
			path = Protocol;
			sourceTree = "<group>";
		};
		57A4A1EB2CB30AC1007B93B8 /* Utils */ = {
			isa = PBXGroup;
			children = (
				57A4A1E92CB30AC1007B93B8 /* LoadJson.swift */,
				57A4A29B2CB837A8007B93B8 /* GridType.swift */,
				579EEE392CC90680005A9A19 /* ImageSliderType.swift */,
				57A51C252CBBFC0C00416E38 /* Dimens.swift */,
				57A4A29D2CB839BE007B93B8 /* RepositoryDataType.swift */,
				57A4A1EA2CB30AC1007B93B8 /* Extensions.swift */,
				57A4A28D2CB7C5D9007B93B8 /* DataStructureUtil.swift */,
			);
			path = Utils;
			sourceTree = "<group>";
		};
		57A4A1FC2CB30ADE007B93B8 /* CoreData */ = {
			isa = PBXGroup;
			children = (
				57A4A1FB2CB30ADE007B93B8 /* CoreDataManager.swift */,
			);
			path = CoreData;
			sourceTree = "<group>";
		};
		57A4A20B2CB30ADE007B93B8 /* Dummy */ = {
			isa = PBXGroup;
			children = (
				57A51BBF2CBBC82000416E38 /* Json */,
			);
			path = Dummy;
			sourceTree = "<group>";
		};
		57A4A20C2CB30ADE007B93B8 /* Model */ = {
			isa = PBXGroup;
			children = (
				57A51BBE2CBBC80C00416E38 /* Data */,
				57A51BBD2CBBC7BB00416E38 /* Repository */,
				57A4A1FC2CB30ADE007B93B8 /* CoreData */,
				57A4A1FD2CB30ADE007B93B8 /* DataStores.swift */,
				57A4A2A32CB96B06007B93B8 /* MemoryStores.swift */,
				57A4A20B2CB30ADE007B93B8 /* Dummy */,
			);
			path = Model;
			sourceTree = "<group>";
		};
		57A4A2192CB30C69007B93B8 /* Reactor */ = {
			isa = PBXGroup;
			children = (
				57A4A2532CB532CA007B93B8 /* HorizontalGridScrollReactor.swift */,
				57A4A2292CB39FE8007B93B8 /* ImageSliderReactor.swift */,
				57A51C282CBC267F00416E38 /* DetailViewReactor.swift */,
				57A4A2B62CBA7012007B93B8 /* ChipsSelectionReactor.swift */,
			);
			path = Reactor;
			sourceTree = "<group>";
		};
		57A4A2402CB5192B007B93B8 /* Components */ = {
			isa = PBXGroup;
			children = (
				579EEE312CC8FCAD005A9A19 /* Parts */,
				57A4A28A2CB7C479007B93B8 /* ProductInfoView.swift */,
				57A4A27C2CB6B470007B93B8 /* SubTitleView.swift */,
				57A4A24F2CB52974007B93B8 /* HorizontalGridScrollView.swift */,
				57A4A2432CB5195B007B93B8 /* ChipsSectionView.swift */,
				57A4A2272CB39DA6007B93B8 /* ImageSliderView.swift */,
			);
			path = Components;
			sourceTree = "<group>";
		};
		57A4A27E2CB7B030007B93B8 /* View */ = {
			isa = PBXGroup;
			children = (
				57A4A2882CB7BA32007B93B8 /* DetailViewController.swift */,
				57A4A2872CB7BA23007B93B8 /* Main */,
				57A4A27F2CB7B03E007B93B8 /* CategorysViewController.swift */,
				57A4A2812CB7B06E007B93B8 /* CartViewController.swift */,
				57A4A2A72CBA35FC007B93B8 /* WebViewController.swift */,
				57A4A2832CB7B07E007B93B8 /* SearchViewController.swift */,
				57A4A2852CB7B08C007B93B8 /* ProfileViewController.swift */,
				57A4A2402CB5192B007B93B8 /* Components */,
			);
			path = View;
			sourceTree = "<group>";
		};
		57A4A2872CB7BA23007B93B8 /* Main */ = {
			isa = PBXGroup;
			children = (
				57A51C322CBD214C00416E38 /* MainCollectionViewController.swift */,
				579EEE382CC90035005A9A19 /* CollectionViewCell */,
			);
			path = Main;
			sourceTree = "<group>";
		};
		57A51BBD2CBBC7BB00416E38 /* Repository */ = {
			isa = PBXGroup;
			children = (
				579EEE4F2CCA3797005A9A19 /* Protocol */,
				57A4A1FE2CB30ADE007B93B8 /* TopBannersRepository.swift */,
				579EEE452CC95FB7005A9A19 /* NarrowBannerRepository.swift */,
				579EEE522CCA5FD4005A9A19 /* CenterBannersRepository.swift */,
				57A4A2452CB51989007B93B8 /* PointListRepository.swift */,
				57A4A24D2CB525D0007B93B8 /* TodayProductRepository.swift */,
				579EEE502CCA42CD005A9A19 /* ProductMapperRepository.swift */,
				57A4A29F2CB83BE9007B93B8 /* GenreRepository.swift */,
				57A4A2572CB54967007B93B8 /* HotNewsRepository.swift */,
				57A4A2592CB54994007B93B8 /* RecommendRepository.swift */,
				57A4A2012CB30ADE007B93B8 /* FavoriteRepository.swift */,
			);
			path = Repository;
			sourceTree = "<group>";
		};
		57A51BBE2CBBC80C00416E38 /* Data */ = {
			isa = PBXGroup;
			children = (
				57A4A2032CB30ADE007B93B8 /* BannerData.swift */,
				579EEE432CC95E16005A9A19 /* NarrowBannerData.swift */,
				57A4A2052CB30ADE007B93B8 /* ChipData.swift */,
				579EEE492CCA2D19005A9A19 /* ImageSliderData.swift */,
				57A4A2082CB30ADE007B93B8 /* ProductData.swift */,
			);
			path = Data;
			sourceTree = "<group>";
		};
		57A51BBF2CBBC82000416E38 /* Json */ = {
			isa = PBXGroup;
			children = (
				57A4A2022CB30ADE007B93B8 /* bannerDataJson.json */,
				579EEE412CC95AA8005A9A19 /* narrowBannerDataJson.json */,
				57A4A2062CB30ADE007B93B8 /* chipDataJson.json */,
				57A4A2092CB30ADE007B93B8 /* productDataJson.json */,
			);
			path = Json;
			sourceTree = "<group>";
		};
		E5C09C9E28F2940700B11418 = {
			isa = PBXGroup;
			children = (
				E5C09CA928F2940700B11418 /* UIKit-Code-Based-Project */,
				E5C09CA828F2940700B11418 /* Products */,
				471B1E9C5B4411F47B5F907B /* Pods */,
				3AA21114E686DE66A29D8659 /* Frameworks */,
			);
			sourceTree = "<group>";
		};
		E5C09CA828F2940700B11418 /* Products */ = {
			isa = PBXGroup;
			children = (
				E5C09CA728F2940700B11418 /* UIKit-Code-Based-Project.app */,
			);
			name = Products;
			sourceTree = "<group>";
		};
		E5C09CA928F2940700B11418 /* UIKit-Code-Based-Project */ = {
			isa = PBXGroup;
			children = (
				57A4A27E2CB7B030007B93B8 /* View */,
				57A4A2192CB30C69007B93B8 /* Reactor */,
				E5C09CAA28F2940700B11418 /* AppDelegate.swift */,
				E5C09CAC28F2940700B11418 /* SceneDelegate.swift */,
				E5C09CB328F2940800B11418 /* Assets.xcassets */,
				E5C09CB528F2940800B11418 /* LaunchScreen.storyboard */,
				E5C09CB828F2940800B11418 /* Info.plist */,
				579EEE3F2CC9583D005A9A19 /* Narrow.xcassets */,
				57A4A1D72CB3093E007B93B8 /* CarAssets.xcassets */,
				57A4A20C2CB30ADE007B93B8 /* Model */,
				57A4A1EB2CB30AC1007B93B8 /* Utils */,
				57A4A2212CB31229007B93B8 /* ProductDataModel.xcdatamodeld */,
			);
			path = "UIKit-Code-Based-Project";
			sourceTree = "<group>";
		};
/* End PBXGroup section */

/* Begin PBXNativeTarget section */
		E5C09CA628F2940700B11418 /* UIKit-Code-Based-Project */ = {
			isa = PBXNativeTarget;
			buildConfigurationList = E5C09CBB28F2940800B11418 /* Build configuration list for PBXNativeTarget "UIKit-Code-Based-Project" */;
			buildPhases = (
				D795CBDC18366D94751AA92E /* [CP] Check Pods Manifest.lock */,
				E5C09CA328F2940700B11418 /* Sources */,
				E5C09CA428F2940700B11418 /* Frameworks */,
				E5C09CA528F2940700B11418 /* Resources */,
				AAE5835DB6066BA0DA89E3B5 /* [CP] Embed Pods Frameworks */,
			);
			buildRules = (
			);
			dependencies = (
			);
			name = "UIKit-Code-Based-Project";
			productName = "UIKit-Code-Based-Project";
			productReference = E5C09CA728F2940700B11418 /* UIKit-Code-Based-Project.app */;
			productType = "com.apple.product-type.application";
		};
/* End PBXNativeTarget section */

/* Begin PBXProject section */
		E5C09C9F28F2940700B11418 /* Project object */ = {
			isa = PBXProject;
			attributes = {
				BuildIndependentTargetsInParallel = 1;
				LastSwiftUpdateCheck = 1400;
				LastUpgradeCheck = 1400;
				TargetAttributes = {
					E5C09CA628F2940700B11418 = {
						CreatedOnToolsVersion = 14.0.1;
					};
				};
			};
			buildConfigurationList = E5C09CA228F2940700B11418 /* Build configuration list for PBXProject "UIKit-Code-Based-Project" */;
			compatibilityVersion = "Xcode 14.0";
			developmentRegion = en;
			hasScannedForEncodings = 0;
			knownRegions = (
				en,
				Base,
			);
			mainGroup = E5C09C9E28F2940700B11418;
			productRefGroup = E5C09CA828F2940700B11418 /* Products */;
			projectDirPath = "";
			projectRoot = "";
			targets = (
				E5C09CA628F2940700B11418 /* UIKit-Code-Based-Project */,
			);
		};
/* End PBXProject section */

/* Begin PBXResourcesBuildPhase section */
		E5C09CA528F2940700B11418 /* Resources */ = {
			isa = PBXResourcesBuildPhase;
			buildActionMask = 2147483647;
			files = (
				E5C09CB728F2940800B11418 /* LaunchScreen.storyboard in Resources */,
				E5C09CB428F2940800B11418 /* Assets.xcassets in Resources */,
				57A4A1D82CB3093E007B93B8 /* CarAssets.xcassets in Resources */,
				579EEE402CC9583D005A9A19 /* Narrow.xcassets in Resources */,
				579EEE422CC95AA8005A9A19 /* narrowBannerDataJson.json in Resources */,
				57A4A20D2CB30ADE007B93B8 /* chipDataJson.json in Resources */,
				57A4A20E2CB30ADE007B93B8 /* productDataJson.json in Resources */,
				57A4A20F2CB30ADE007B93B8 /* bannerDataJson.json in Resources */,
			);
			runOnlyForDeploymentPostprocessing = 0;
		};
/* End PBXResourcesBuildPhase section */

/* Begin PBXShellScriptBuildPhase section */
		AAE5835DB6066BA0DA89E3B5 /* [CP] Embed Pods Frameworks */ = {
			isa = PBXShellScriptBuildPhase;
			buildActionMask = 2147483647;
			files = (
			);
			inputFileListPaths = (
				"${PODS_ROOT}/Target Support Files/Pods-UIKit-Code-Based-Project/Pods-UIKit-Code-Based-Project-frameworks-${CONFIGURATION}-input-files.xcfilelist",
			);
			name = "[CP] Embed Pods Frameworks";
			outputFileListPaths = (
				"${PODS_ROOT}/Target Support Files/Pods-UIKit-Code-Based-Project/Pods-UIKit-Code-Based-Project-frameworks-${CONFIGURATION}-output-files.xcfilelist",
			);
			runOnlyForDeploymentPostprocessing = 0;
			shellPath = /bin/sh;
			shellScript = "\"${PODS_ROOT}/Target Support Files/Pods-UIKit-Code-Based-Project/Pods-UIKit-Code-Based-Project-frameworks.sh\"\n";
			showEnvVarsInLog = 0;
		};
		D795CBDC18366D94751AA92E /* [CP] Check Pods Manifest.lock */ = {
			isa = PBXShellScriptBuildPhase;
			buildActionMask = 2147483647;
			files = (
			);
			inputFileListPaths = (
			);
			inputPaths = (
				"${PODS_PODFILE_DIR_PATH}/Podfile.lock",
				"${PODS_ROOT}/Manifest.lock",
			);
			name = "[CP] Check Pods Manifest.lock";
			outputFileListPaths = (
			);
			outputPaths = (
				"$(DERIVED_FILE_DIR)/Pods-UIKit-Code-Based-Project-checkManifestLockResult.txt",
			);
			runOnlyForDeploymentPostprocessing = 0;
			shellPath = /bin/sh;
			shellScript = "diff \"${PODS_PODFILE_DIR_PATH}/Podfile.lock\" \"${PODS_ROOT}/Manifest.lock\" > /dev/null\nif [ $? != 0 ] ; then\n    # print error to STDERR\n    echo \"error: The sandbox is not in sync with the Podfile.lock. Run 'pod install' or update your CocoaPods installation.\" >&2\n    exit 1\nfi\n# This output is used by Xcode 'outputs' to avoid re-running this script phase.\necho \"SUCCESS\" > \"${SCRIPT_OUTPUT_FILE_0}\"\n";
			showEnvVarsInLog = 0;
		};
/* End PBXShellScriptBuildPhase section */

/* Begin PBXSourcesBuildPhase section */
		E5C09CA328F2940700B11418 /* Sources */ = {
			isa = PBXSourcesBuildPhase;
			buildActionMask = 2147483647;
			files = (
				57A4A2422CB51946007B93B8 /* ChipView.swift in Sources */,
				57A4A29C2CB837B0007B93B8 /* GridType.swift in Sources */,
				57A4A2442CB51964007B93B8 /* ChipsSectionView.swift in Sources */,
				57A4A24A2CB520D4007B93B8 /* GridImageItemViewCell.swift in Sources */,
				57A51C292CBC268D00416E38 /* DetailViewReactor.swift in Sources */,
				57A51C332CBD214F00416E38 /* MainCollectionViewController.swift in Sources */,
				57A4A2862CB7B08D007B93B8 /* ProfileViewController.swift in Sources */,
				57A4A2802CB7B048007B93B8 /* CategorysViewController.swift in Sources */,
				579EEE3C2CC90A6A005A9A19 /* CenterBannerCell.swift in Sources */,
				57A4A24E2CB525DF007B93B8 /* TodayProductRepository.swift in Sources */,
				579EEE442CC95E1C005A9A19 /* NarrowBannerData.swift in Sources */,
				57A4A28E2CB7C5E3007B93B8 /* DataStructureUtil.swift in Sources */,
				57A4A1D62CB308B2007B93B8 /* ImageSliderCell.swift in Sources */,
				57A4A2542CB532CA007B93B8 /* HorizontalGridScrollReactor.swift in Sources */,
				57A4A25A2CB54999007B93B8 /* RecommendRepository.swift in Sources */,
				57A4A2842CB7B07F007B93B8 /* SearchViewController.swift in Sources */,
				57A4A2822CB7B072007B93B8 /* CartViewController.swift in Sources */,
				579EEE3A2CC90684005A9A19 /* ImageSliderType.swift in Sources */,
				579EEE532CCA5FD9005A9A19 /* CenterBannersRepository.swift in Sources */,
				57A4A2562CB54875007B93B8 /* ProductRepositoryProtocol.swift in Sources */,
				57A4A28B2CB7C47E007B93B8 /* ProductInfoView.swift in Sources */,
				579EEE4A2CCA2D25005A9A19 /* ImageSliderData.swift in Sources */,
				57A4A2A42CB96B2A007B93B8 /* MemoryStores.swift in Sources */,
				57A4A2B72CBA7023007B93B8 /* ChipsSelectionReactor.swift in Sources */,
				57A4A1EC2CB30AC1007B93B8 /* Extensions.swift in Sources */,
				57A4A1ED2CB30AC1007B93B8 /* LoadJson.swift in Sources */,
				579EEE352CC8FF5A005A9A19 /* ChipsSectionCell.swift in Sources */,
				579EEE332CC8FF35005A9A19 /* FullBannerCell.swift in Sources */,
				57A4A27D2CB6B474007B93B8 /* SubTitleView.swift in Sources */,
				57A4A2282CB39DAA007B93B8 /* ImageSliderView.swift in Sources */,
				57A4A29E2CB839CA007B93B8 /* RepositoryDataType.swift in Sources */,
				E5C09CAB28F2940700B11418 /* AppDelegate.swift in Sources */,
				57A4A2892CB7BA39007B93B8 /* DetailViewController.swift in Sources */,
				57A4A2102CB30ADE007B93B8 /* CoreDataManager.swift in Sources */,
				57A4A2582CB54972007B93B8 /* HotNewsRepository.swift in Sources */,
				57A51C262CBBFC1100416E38 /* Dimens.swift in Sources */,
				57A4A2462CB5198F007B93B8 /* PointListRepository.swift in Sources */,
				57A4A2112CB30ADE007B93B8 /* BannerData.swift in Sources */,
				57A4A2232CB31229007B93B8 /* ProductDataModel.xcdatamodeld in Sources */,
				57A4A2502CB5297D007B93B8 /* HorizontalGridScrollView.swift in Sources */,
				57A4A22A2CB39FEC007B93B8 /* ImageSliderReactor.swift in Sources */,
				57A4A2122CB30ADE007B93B8 /* ChipData.swift in Sources */,
				57A4A2132CB30ADE007B93B8 /* ProductData.swift in Sources */,
				57A51C352CBD21B600416E38 /* MainCollectionViewCellType.swift in Sources */,
				579EEE462CC95FBE005A9A19 /* NarrowBannerRepository.swift in Sources */,
				57A4A2152CB30ADE007B93B8 /* TopBannersRepository.swift in Sources */,
				579EEE4E2CCA32CE005A9A19 /* ImageSliderRepositoryProtocol.swift in Sources */,
				57A4A2172CB30ADE007B93B8 /* FavoriteRepository.swift in Sources */,
				579EEE512CCA42DB005A9A19 /* ProductMapperRepository.swift in Sources */,
				579EEE372CC8FF89005A9A19 /* GridSectionCell.swift in Sources */,
				57A4A2A02CB83BF0007B93B8 /* GenreRepository.swift in Sources */,
				579EEE3E2CC94995005A9A19 /* NarrowBannerCell.swift in Sources */,
				57A4A2A82CBA3608007B93B8 /* WebViewController.swift in Sources */,
				57A4A2182CB30ADE007B93B8 /* DataStores.swift in Sources */,
				E5C09CAD28F2940700B11418 /* SceneDelegate.swift in Sources */,
			);
			runOnlyForDeploymentPostprocessing = 0;
		};
/* End PBXSourcesBuildPhase section */

/* Begin PBXVariantGroup section */
		E5C09CB528F2940800B11418 /* LaunchScreen.storyboard */ = {
			isa = PBXVariantGroup;
			children = (
				E5C09CB628F2940800B11418 /* Base */,
			);
			name = LaunchScreen.storyboard;
			sourceTree = "<group>";
		};
/* End PBXVariantGroup section */

/* Begin XCBuildConfiguration section */
		E5C09CB928F2940800B11418 /* Debug */ = {
			isa = XCBuildConfiguration;
			buildSettings = {
				ALWAYS_SEARCH_USER_PATHS = NO;
				CLANG_ANALYZER_NONNULL = YES;
				CLANG_ANALYZER_NUMBER_OBJECT_CONVERSION = YES_AGGRESSIVE;
				CLANG_CXX_LANGUAGE_STANDARD = "gnu++20";
				CLANG_ENABLE_MODULES = YES;
				CLANG_ENABLE_OBJC_ARC = YES;
				CLANG_ENABLE_OBJC_WEAK = YES;
				CLANG_WARN_BLOCK_CAPTURE_AUTORELEASING = YES;
				CLANG_WARN_BOOL_CONVERSION = YES;
				CLANG_WARN_COMMA = YES;
				CLANG_WARN_CONSTANT_CONVERSION = YES;
				CLANG_WARN_DEPRECATED_OBJC_IMPLEMENTATIONS = YES;
				CLANG_WARN_DIRECT_OBJC_ISA_USAGE = YES_ERROR;
				CLANG_WARN_DOCUMENTATION_COMMENTS = YES;
				CLANG_WARN_EMPTY_BODY = YES;
				CLANG_WARN_ENUM_CONVERSION = YES;
				CLANG_WARN_INFINITE_RECURSION = YES;
				CLANG_WARN_INT_CONVERSION = YES;
				CLANG_WARN_NON_LITERAL_NULL_CONVERSION = YES;
				CLANG_WARN_OBJC_IMPLICIT_RETAIN_SELF = YES;
				CLANG_WARN_OBJC_LITERAL_CONVERSION = YES;
				CLANG_WARN_OBJC_ROOT_CLASS = YES_ERROR;
				CLANG_WARN_QUOTED_INCLUDE_IN_FRAMEWORK_HEADER = YES;
				CLANG_WARN_RANGE_LOOP_ANALYSIS = YES;
				CLANG_WARN_STRICT_PROTOTYPES = YES;
				CLANG_WARN_SUSPICIOUS_MOVE = YES;
				CLANG_WARN_UNGUARDED_AVAILABILITY = YES_AGGRESSIVE;
				CLANG_WARN_UNREACHABLE_CODE = YES;
				CLANG_WARN__DUPLICATE_METHOD_MATCH = YES;
				COPY_PHASE_STRIP = NO;
				DEBUG_INFORMATION_FORMAT = dwarf;
				ENABLE_STRICT_OBJC_MSGSEND = YES;
				ENABLE_TESTABILITY = YES;
				GCC_C_LANGUAGE_STANDARD = gnu11;
				GCC_DYNAMIC_NO_PIC = NO;
				GCC_NO_COMMON_BLOCKS = YES;
				GCC_OPTIMIZATION_LEVEL = 0;
				GCC_PREPROCESSOR_DEFINITIONS = (
					"DEBUG=1",
					"$(inherited)",
				);
				GCC_WARN_64_TO_32_BIT_CONVERSION = YES;
				GCC_WARN_ABOUT_RETURN_TYPE = YES_ERROR;
				GCC_WARN_UNDECLARED_SELECTOR = YES;
				GCC_WARN_UNINITIALIZED_AUTOS = YES_AGGRESSIVE;
				GCC_WARN_UNUSED_FUNCTION = YES;
				GCC_WARN_UNUSED_VARIABLE = YES;
				IPHONEOS_DEPLOYMENT_TARGET = 16.0;
				MTL_ENABLE_DEBUG_INFO = INCLUDE_SOURCE;
				MTL_FAST_MATH = YES;
				ONLY_ACTIVE_ARCH = YES;
				SDKROOT = iphoneos;
				SWIFT_ACTIVE_COMPILATION_CONDITIONS = DEBUG;
				SWIFT_OPTIMIZATION_LEVEL = "-Onone";
			};
			name = Debug;
		};
		E5C09CBA28F2940800B11418 /* Release */ = {
			isa = XCBuildConfiguration;
			buildSettings = {
				ALWAYS_SEARCH_USER_PATHS = NO;
				CLANG_ANALYZER_NONNULL = YES;
				CLANG_ANALYZER_NUMBER_OBJECT_CONVERSION = YES_AGGRESSIVE;
				CLANG_CXX_LANGUAGE_STANDARD = "gnu++20";
				CLANG_ENABLE_MODULES = YES;
				CLANG_ENABLE_OBJC_ARC = YES;
				CLANG_ENABLE_OBJC_WEAK = YES;
				CLANG_WARN_BLOCK_CAPTURE_AUTORELEASING = YES;
				CLANG_WARN_BOOL_CONVERSION = YES;
				CLANG_WARN_COMMA = YES;
				CLANG_WARN_CONSTANT_CONVERSION = YES;
				CLANG_WARN_DEPRECATED_OBJC_IMPLEMENTATIONS = YES;
				CLANG_WARN_DIRECT_OBJC_ISA_USAGE = YES_ERROR;
				CLANG_WARN_DOCUMENTATION_COMMENTS = YES;
				CLANG_WARN_EMPTY_BODY = YES;
				CLANG_WARN_ENUM_CONVERSION = YES;
				CLANG_WARN_INFINITE_RECURSION = YES;
				CLANG_WARN_INT_CONVERSION = YES;
				CLANG_WARN_NON_LITERAL_NULL_CONVERSION = YES;
				CLANG_WARN_OBJC_IMPLICIT_RETAIN_SELF = YES;
				CLANG_WARN_OBJC_LITERAL_CONVERSION = YES;
				CLANG_WARN_OBJC_ROOT_CLASS = YES_ERROR;
				CLANG_WARN_QUOTED_INCLUDE_IN_FRAMEWORK_HEADER = YES;
				CLANG_WARN_RANGE_LOOP_ANALYSIS = YES;
				CLANG_WARN_STRICT_PROTOTYPES = YES;
				CLANG_WARN_SUSPICIOUS_MOVE = YES;
				CLANG_WARN_UNGUARDED_AVAILABILITY = YES_AGGRESSIVE;
				CLANG_WARN_UNREACHABLE_CODE = YES;
				CLANG_WARN__DUPLICATE_METHOD_MATCH = YES;
				COPY_PHASE_STRIP = NO;
				DEBUG_INFORMATION_FORMAT = "dwarf-with-dsym";
				ENABLE_NS_ASSERTIONS = NO;
				ENABLE_STRICT_OBJC_MSGSEND = YES;
				GCC_C_LANGUAGE_STANDARD = gnu11;
				GCC_NO_COMMON_BLOCKS = YES;
				GCC_WARN_64_TO_32_BIT_CONVERSION = YES;
				GCC_WARN_ABOUT_RETURN_TYPE = YES_ERROR;
				GCC_WARN_UNDECLARED_SELECTOR = YES;
				GCC_WARN_UNINITIALIZED_AUTOS = YES_AGGRESSIVE;
				GCC_WARN_UNUSED_FUNCTION = YES;
				GCC_WARN_UNUSED_VARIABLE = YES;
				IPHONEOS_DEPLOYMENT_TARGET = 16.0;
				MTL_ENABLE_DEBUG_INFO = NO;
				MTL_FAST_MATH = YES;
				SDKROOT = iphoneos;
				SWIFT_COMPILATION_MODE = wholemodule;
				SWIFT_OPTIMIZATION_LEVEL = "-O";
				VALIDATE_PRODUCT = YES;
			};
			name = Release;
		};
		E5C09CBC28F2940800B11418 /* Debug */ = {
			isa = XCBuildConfiguration;
			baseConfigurationReference = F4EB94EB956E8DB13F2DBD8B /* Pods-UIKit-Code-Based-Project.debug.xcconfig */;
			buildSettings = {
				ASSETCATALOG_COMPILER_APPICON_NAME = AppIcon;
				ASSETCATALOG_COMPILER_GLOBAL_ACCENT_COLOR_NAME = AccentColor;
				CODE_SIGN_STYLE = Automatic;
				CURRENT_PROJECT_VERSION = 1;
				GENERATE_INFOPLIST_FILE = YES;
				INFOPLIST_FILE = "UIKit-Code-Based-Project/Info.plist";
				INFOPLIST_KEY_UIApplicationSupportsIndirectInputEvents = YES;
				INFOPLIST_KEY_UILaunchStoryboardName = LaunchScreen;
				INFOPLIST_KEY_UIMainStoryboardFile = "";
				INFOPLIST_KEY_UISupportedInterfaceOrientations = UIInterfaceOrientationPortrait;
				LD_RUNPATH_SEARCH_PATHS = (
					"$(inherited)",
					"@executable_path/Frameworks",
				);
				MARKETING_VERSION = 1.0;
				PRODUCT_BUNDLE_IDENTIFIER = "com.swiftman.UIKit-Code-Based-Project";
				PRODUCT_NAME = "$(TARGET_NAME)";
				SWIFT_EMIT_LOC_STRINGS = YES;
				SWIFT_VERSION = 5.0;
				TARGETED_DEVICE_FAMILY = "1,2";
			};
			name = Debug;
		};
		E5C09CBD28F2940800B11418 /* Release */ = {
			isa = XCBuildConfiguration;
			baseConfigurationReference = E7F527EB14446A14522E98FA /* Pods-UIKit-Code-Based-Project.release.xcconfig */;
			buildSettings = {
				ASSETCATALOG_COMPILER_APPICON_NAME = AppIcon;
				ASSETCATALOG_COMPILER_GLOBAL_ACCENT_COLOR_NAME = AccentColor;
				CODE_SIGN_STYLE = Automatic;
				CURRENT_PROJECT_VERSION = 1;
				GENERATE_INFOPLIST_FILE = YES;
				INFOPLIST_FILE = "UIKit-Code-Based-Project/Info.plist";
				INFOPLIST_KEY_UIApplicationSupportsIndirectInputEvents = YES;
				INFOPLIST_KEY_UILaunchStoryboardName = LaunchScreen;
				INFOPLIST_KEY_UIMainStoryboardFile = "";
				INFOPLIST_KEY_UISupportedInterfaceOrientations = UIInterfaceOrientationPortrait;
				LD_RUNPATH_SEARCH_PATHS = (
					"$(inherited)",
					"@executable_path/Frameworks",
				);
				MARKETING_VERSION = 1.0;
				PRODUCT_BUNDLE_IDENTIFIER = "com.swiftman.UIKit-Code-Based-Project";
				PRODUCT_NAME = "$(TARGET_NAME)";
				SWIFT_EMIT_LOC_STRINGS = YES;
				SWIFT_VERSION = 5.0;
				TARGETED_DEVICE_FAMILY = "1,2";
			};
			name = Release;
		};
/* End XCBuildConfiguration section */

/* Begin XCConfigurationList section */
		E5C09CA228F2940700B11418 /* Build configuration list for PBXProject "UIKit-Code-Based-Project" */ = {
			isa = XCConfigurationList;
			buildConfigurations = (
				E5C09CB928F2940800B11418 /* Debug */,
				E5C09CBA28F2940800B11418 /* Release */,
			);
			defaultConfigurationIsVisible = 0;
			defaultConfigurationName = Release;
		};
		E5C09CBB28F2940800B11418 /* Build configuration list for PBXNativeTarget "UIKit-Code-Based-Project" */ = {
			isa = XCConfigurationList;
			buildConfigurations = (
				E5C09CBC28F2940800B11418 /* Debug */,
				E5C09CBD28F2940800B11418 /* Release */,
			);
			defaultConfigurationIsVisible = 0;
			defaultConfigurationName = Release;
		};
/* End XCConfigurationList section */

/* Begin XCVersionGroup section */
		57A4A2212CB31229007B93B8 /* ProductDataModel.xcdatamodeld */ = {
			isa = XCVersionGroup;
			children = (
				57A4A2222CB31229007B93B8 /* ProductDataModel.xcdatamodel */,
			);
			currentVersion = 57A4A2222CB31229007B93B8 /* ProductDataModel.xcdatamodel */;
			path = ProductDataModel.xcdatamodeld;
			sourceTree = "<group>";
			versionGroupType = wrapper.xcdatamodel;
		};
/* End XCVersionGroup section */
	};
	rootObject = E5C09C9F28F2940700B11418 /* Project object */;
}
